// !$*UTF8*$!
{
	archiveVersion = 1;
	classes = {
	};
	objectVersion = 50;
	objects = {

/* Begin PBXBuildFile section */
		048A588026839B7F0041D1FC /* AppDelegate.swift in Sources */ = {isa = PBXBuildFile; fileRef = 048A587F26839B7F0041D1FC /* AppDelegate.swift */; };
		048A588226839B7F0041D1FC /* SceneDelegate.swift in Sources */ = {isa = PBXBuildFile; fileRef = 048A588126839B7F0041D1FC /* SceneDelegate.swift */; };
		048A588426839B7F0041D1FC /* ViewController.swift in Sources */ = {isa = PBXBuildFile; fileRef = 048A588326839B7F0041D1FC /* ViewController.swift */; };
		048A588726839B7F0041D1FC /* Main.storyboard in Resources */ = {isa = PBXBuildFile; fileRef = 048A588526839B7F0041D1FC /* Main.storyboard */; };
		048A588926839B8C0041D1FC /* Assets.xcassets in Resources */ = {isa = PBXBuildFile; fileRef = 048A588826839B8C0041D1FC /* Assets.xcassets */; };
		048A588C26839B8C0041D1FC /* LaunchScreen.storyboard in Resources */ = {isa = PBXBuildFile; fileRef = 048A588A26839B8C0041D1FC /* LaunchScreen.storyboard */; };
		048A589526839C2E0041D1FC /* FilterViewController.swift in Sources */ = {isa = PBXBuildFile; fileRef = 048A589426839C2E0041D1FC /* FilterViewController.swift */; };
		048A589826839C510041D1FC /* CoreDataStack.swift in Sources */ = {isa = PBXBuildFile; fileRef = 048A589726839C510041D1FC /* CoreDataStack.swift */; };
		048A589B26839DD20041D1FC /* seed.json in Resources */ = {isa = PBXBuildFile; fileRef = 048A589A26839DD20041D1FC /* seed.json */; };
		048A589F26839DDC0041D1FC /* Bubble_Tea_Finder.xcdatamodeld in Sources */ = {isa = PBXBuildFile; fileRef = 048A589D26839DDB0041D1FC /* Bubble_Tea_Finder.xcdatamodeld */; };
		048A58AB26839DF50041D1FC /* PriceInfo+CoreDataClass.swift in Sources */ = {isa = PBXBuildFile; fileRef = 048A58A126839DF50041D1FC /* PriceInfo+CoreDataClass.swift */; };
		048A58AC26839DF50041D1FC /* PriceInfo+CoreDataProperties.swift in Sources */ = {isa = PBXBuildFile; fileRef = 048A58A226839DF50041D1FC /* PriceInfo+CoreDataProperties.swift */; };
		048A58AD26839DF50041D1FC /* Category+CoreDataClass.swift in Sources */ = {isa = PBXBuildFile; fileRef = 048A58A326839DF50041D1FC /* Category+CoreDataClass.swift */; };
		048A58AE26839DF50041D1FC /* Category+CoreDataProperties.swift in Sources */ = {isa = PBXBuildFile; fileRef = 048A58A426839DF50041D1FC /* Category+CoreDataProperties.swift */; };
		048A58AF26839DF50041D1FC /* Stats+CoreDataClass.swift in Sources */ = {isa = PBXBuildFile; fileRef = 048A58A526839DF50041D1FC /* Stats+CoreDataClass.swift */; };
		048A58B026839DF50041D1FC /* Stats+CoreDataProperties.swift in Sources */ = {isa = PBXBuildFile; fileRef = 048A58A626839DF50041D1FC /* Stats+CoreDataProperties.swift */; };
		048A58B126839DF50041D1FC /* Venue+CoreDataClass.swift in Sources */ = {isa = PBXBuildFile; fileRef = 048A58A726839DF50041D1FC /* Venue+CoreDataClass.swift */; };
		048A58B226839DF50041D1FC /* Venue+CoreDataProperties.swift in Sources */ = {isa = PBXBuildFile; fileRef = 048A58A826839DF50041D1FC /* Venue+CoreDataProperties.swift */; };
		048A58B326839DF50041D1FC /* Location+CoreDataClass.swift in Sources */ = {isa = PBXBuildFile; fileRef = 048A58A926839DF50041D1FC /* Location+CoreDataClass.swift */; };
		048A58B426839DF50041D1FC /* Location+CoreDataProperties.swift in Sources */ = {isa = PBXBuildFile; fileRef = 048A58AA26839DF50041D1FC /* Location+CoreDataProperties.swift */; };
/* End PBXBuildFile section */

/* Begin PBXFileReference section */
		048A587C26839B7F0041D1FC /* CoreDataFetchP4.app */ = {isa = PBXFileReference; explicitFileType = wrapper.application; includeInIndex = 0; path = CoreDataFetchP4.app; sourceTree = BUILT_PRODUCTS_DIR; };
		048A587F26839B7F0041D1FC /* AppDelegate.swift */ = {isa = PBXFileReference; lastKnownFileType = sourcecode.swift; path = AppDelegate.swift; sourceTree = "<group>"; };
		048A588126839B7F0041D1FC /* SceneDelegate.swift */ = {isa = PBXFileReference; lastKnownFileType = sourcecode.swift; path = SceneDelegate.swift; sourceTree = "<group>"; };
		048A588326839B7F0041D1FC /* ViewController.swift */ = {isa = PBXFileReference; lastKnownFileType = sourcecode.swift; path = ViewController.swift; sourceTree = "<group>"; };
		048A588626839B7F0041D1FC /* Base */ = {isa = PBXFileReference; lastKnownFileType = file.storyboard; name = Base; path = Base.lproj/Main.storyboard; sourceTree = "<group>"; };
		048A588826839B8C0041D1FC /* Assets.xcassets */ = {isa = PBXFileReference; lastKnownFileType = folder.assetcatalog; path = Assets.xcassets; sourceTree = "<group>"; };
		048A588B26839B8C0041D1FC /* Base */ = {isa = PBXFileReference; lastKnownFileType = file.storyboard; name = Base; path = Base.lproj/LaunchScreen.storyboard; sourceTree = "<group>"; };
		048A588D26839B8C0041D1FC /* Info.plist */ = {isa = PBXFileReference; lastKnownFileType = text.plist.xml; path = Info.plist; sourceTree = "<group>"; };
		048A589426839C2E0041D1FC /* FilterViewController.swift */ = {isa = PBXFileReference; lastKnownFileType = sourcecode.swift; path = FilterViewController.swift; sourceTree = "<group>"; };
		048A589726839C510041D1FC /* CoreDataStack.swift */ = {isa = PBXFileReference; lastKnownFileType = sourcecode.swift; path = CoreDataStack.swift; sourceTree = "<group>"; };
		048A589A26839DD20041D1FC /* seed.json */ = {isa = PBXFileReference; fileEncoding = 4; lastKnownFileType = text.json; path = seed.json; sourceTree = "<group>"; };
		048A589E26839DDB0041D1FC /* Bubble_Tea_Finder.xcdatamodel */ = {isa = PBXFileReference; lastKnownFileType = wrapper.xcdatamodel; path = Bubble_Tea_Finder.xcdatamodel; sourceTree = "<group>"; };
		048A58A126839DF50041D1FC /* PriceInfo+CoreDataClass.swift */ = {isa = PBXFileReference; lastKnownFileType = sourcecode.swift; path = "PriceInfo+CoreDataClass.swift"; sourceTree = "<group>"; };
		048A58A226839DF50041D1FC /* PriceInfo+CoreDataProperties.swift */ = {isa = PBXFileReference; lastKnownFileType = sourcecode.swift; path = "PriceInfo+CoreDataProperties.swift"; sourceTree = "<group>"; };
		048A58A326839DF50041D1FC /* Category+CoreDataClass.swift */ = {isa = PBXFileReference; lastKnownFileType = sourcecode.swift; path = "Category+CoreDataClass.swift"; sourceTree = "<group>"; };
		048A58A426839DF50041D1FC /* Category+CoreDataProperties.swift */ = {isa = PBXFileReference; lastKnownFileType = sourcecode.swift; path = "Category+CoreDataProperties.swift"; sourceTree = "<group>"; };
		048A58A526839DF50041D1FC /* Stats+CoreDataClass.swift */ = {isa = PBXFileReference; lastKnownFileType = sourcecode.swift; path = "Stats+CoreDataClass.swift"; sourceTree = "<group>"; };
		048A58A626839DF50041D1FC /* Stats+CoreDataProperties.swift */ = {isa = PBXFileReference; lastKnownFileType = sourcecode.swift; path = "Stats+CoreDataProperties.swift"; sourceTree = "<group>"; };
		048A58A726839DF50041D1FC /* Venue+CoreDataClass.swift */ = {isa = PBXFileReference; lastKnownFileType = sourcecode.swift; path = "Venue+CoreDataClass.swift"; sourceTree = "<group>"; };
		048A58A826839DF50041D1FC /* Venue+CoreDataProperties.swift */ = {isa = PBXFileReference; lastKnownFileType = sourcecode.swift; path = "Venue+CoreDataProperties.swift"; sourceTree = "<group>"; };
		048A58A926839DF50041D1FC /* Location+CoreDataClass.swift */ = {isa = PBXFileReference; lastKnownFileType = sourcecode.swift; path = "Location+CoreDataClass.swift"; sourceTree = "<group>"; };
		048A58AA26839DF50041D1FC /* Location+CoreDataProperties.swift */ = {isa = PBXFileReference; lastKnownFileType = sourcecode.swift; path = "Location+CoreDataProperties.swift"; sourceTree = "<group>"; };
/* End PBXFileReference section */

/* Begin PBXFrameworksBuildPhase section */
		048A587926839B7F0041D1FC /* Frameworks */ = {
			isa = PBXFrameworksBuildPhase;
			buildActionMask = 2147483647;
			files = (
			);
			runOnlyForDeploymentPostprocessing = 0;
		};
/* End PBXFrameworksBuildPhase section */

/* Begin PBXGroup section */
		048A587326839B7F0041D1FC = {
			isa = PBXGroup;
			children = (
				048A58A126839DF50041D1FC /* PriceInfo+CoreDataClass.swift */,
				048A58A226839DF50041D1FC /* PriceInfo+CoreDataProperties.swift */,
				048A58A326839DF50041D1FC /* Category+CoreDataClass.swift */,
				048A58A426839DF50041D1FC /* Category+CoreDataProperties.swift */,
				048A58A526839DF50041D1FC /* Stats+CoreDataClass.swift */,
				048A58A626839DF50041D1FC /* Stats+CoreDataProperties.swift */,
				048A58A726839DF50041D1FC /* Venue+CoreDataClass.swift */,
				048A58A826839DF50041D1FC /* Venue+CoreDataProperties.swift */,
				048A58A926839DF50041D1FC /* Location+CoreDataClass.swift */,
				048A58AA26839DF50041D1FC /* Location+CoreDataProperties.swift */,
				048A587E26839B7F0041D1FC /* CoreDataFetchP4 */,
				048A587D26839B7F0041D1FC /* Products */,
			);
			sourceTree = "<group>";
		};
		048A587D26839B7F0041D1FC /* Products */ = {
			isa = PBXGroup;
			children = (
				048A587C26839B7F0041D1FC /* CoreDataFetchP4.app */,
			);
			name = Products;
			sourceTree = "<group>";
		};
		048A587E26839B7F0041D1FC /* CoreDataFetchP4 */ = {
			isa = PBXGroup;
			children = (
				048A587F26839B7F0041D1FC /* AppDelegate.swift */,
				048A588126839B7F0041D1FC /* SceneDelegate.swift */,
				048A588326839B7F0041D1FC /* ViewController.swift */,
				048A589426839C2E0041D1FC /* FilterViewController.swift */,
				048A589726839C510041D1FC /* CoreDataStack.swift */,
				048A588526839B7F0041D1FC /* Main.storyboard */,
				048A589A26839DD20041D1FC /* seed.json */,
				048A588826839B8C0041D1FC /* Assets.xcassets */,
				048A588A26839B8C0041D1FC /* LaunchScreen.storyboard */,
				048A588D26839B8C0041D1FC /* Info.plist */,
				048A589D26839DDB0041D1FC /* Bubble_Tea_Finder.xcdatamodeld */,
			);
			path = CoreDataFetchP4;
			sourceTree = "<group>";
		};
/* End PBXGroup section */

/* Begin PBXNativeTarget section */
		048A587B26839B7F0041D1FC /* CoreDataFetchP4 */ = {
			isa = PBXNativeTarget;
			buildConfigurationList = 048A589026839B8C0041D1FC /* Build configuration list for PBXNativeTarget "CoreDataFetchP4" */;
			buildPhases = (
				048A587826839B7F0041D1FC /* Sources */,
				048A587926839B7F0041D1FC /* Frameworks */,
				048A587A26839B7F0041D1FC /* Resources */,
			);
			buildRules = (
			);
			dependencies = (
			);
			name = CoreDataFetchP4;
			productName = CoreDataFetchP4;
			productReference = 048A587C26839B7F0041D1FC /* CoreDataFetchP4.app */;
			productType = "com.apple.product-type.application";
		};
/* End PBXNativeTarget section */

/* Begin PBXProject section */
		048A587426839B7F0041D1FC /* Project object */ = {
			isa = PBXProject;
			attributes = {
				LastSwiftUpdateCheck = 1230;
				LastUpgradeCheck = 1230;
				TargetAttributes = {
					048A587B26839B7F0041D1FC = {
						CreatedOnToolsVersion = 12.3;
					};
				};
			};
			buildConfigurationList = 048A587726839B7F0041D1FC /* Build configuration list for PBXProject "CoreDataFetchP4" */;
			compatibilityVersion = "Xcode 9.3";
			developmentRegion = en;
			hasScannedForEncodings = 0;
			knownRegions = (
				en,
				Base,
			);
			mainGroup = 048A587326839B7F0041D1FC;
			productRefGroup = 048A587D26839B7F0041D1FC /* Products */;
			projectDirPath = "";
			projectRoot = "";
			targets = (
				048A587B26839B7F0041D1FC /* CoreDataFetchP4 */,
			);
		};
/* End PBXProject section */

/* Begin PBXResourcesBuildPhase section */
		048A587A26839B7F0041D1FC /* Resources */ = {
			isa = PBXResourcesBuildPhase;
			buildActionMask = 2147483647;
			files = (
				048A588C26839B8C0041D1FC /* LaunchScreen.storyboard in Resources */,
				048A588926839B8C0041D1FC /* Assets.xcassets in Resources */,
				048A589B26839DD20041D1FC /* seed.json in Resources */,
				048A588726839B7F0041D1FC /* Main.storyboard in Resources */,
			);
			runOnlyForDeploymentPostprocessing = 0;
		};
/* End PBXResourcesBuildPhase section */

/* Begin PBXSourcesBuildPhase section */
		048A587826839B7F0041D1FC /* Sources */ = {
			isa = PBXSourcesBuildPhase;
			buildActionMask = 2147483647;
			files = (
				048A58B426839DF50041D1FC /* Location+CoreDataProperties.swift in Sources */,
				048A589826839C510041D1FC /* CoreDataStack.swift in Sources */,
				048A58B226839DF50041D1FC /* Venue+CoreDataProperties.swift in Sources */,
				048A588426839B7F0041D1FC /* ViewController.swift in Sources */,
				048A58B326839DF50041D1FC /* Location+CoreDataClass.swift in Sources */,
				048A589F26839DDC0041D1FC /* Bubble_Tea_Finder.xcdatamodeld in Sources */,
				048A58B026839DF50041D1FC /* Stats+CoreDataProperties.swift in Sources */,
				048A58AF26839DF50041D1FC /* Stats+CoreDataClass.swift in Sources */,
				048A58AC26839DF50041D1FC /* PriceInfo+CoreDataProperties.swift in Sources */,
				048A588026839B7F0041D1FC /* AppDelegate.swift in Sources */,
				048A58B126839DF50041D1FC /* Venue+CoreDataClass.swift in Sources */,
				048A58AB26839DF50041D1FC /* PriceInfo+CoreDataClass.swift in Sources */,
				048A589526839C2E0041D1FC /* FilterViewController.swift in Sources */,
				048A58AE26839DF50041D1FC /* Category+CoreDataProperties.swift in Sources */,
				048A58AD26839DF50041D1FC /* Category+CoreDataClass.swift in Sources */,
				048A588226839B7F0041D1FC /* SceneDelegate.swift in Sources */,
			);
			runOnlyForDeploymentPostprocessing = 0;
		};
/* End PBXSourcesBuildPhase section */

/* Begin PBXVariantGroup section */
		048A588526839B7F0041D1FC /* Main.storyboard */ = {
			isa = PBXVariantGroup;
			children = (
				048A588626839B7F0041D1FC /* Base */,
			);
			name = Main.storyboard;
			sourceTree = "<group>";
		};
		048A588A26839B8C0041D1FC /* LaunchScreen.storyboard */ = {
			isa = PBXVariantGroup;
			children = (
				048A588B26839B8C0041D1FC /* Base */,
			);
			name = LaunchScreen.storyboard;
			sourceTree = "<group>";
		};
/* End PBXVariantGroup section */

/* Begin XCBuildConfiguration section */
		048A588E26839B8C0041D1FC /* Debug */ = {
			isa = XCBuildConfiguration;
			buildSettings = {
				ALWAYS_SEARCH_USER_PATHS = NO;
				CLANG_ANALYZER_NONNULL = YES;
				CLANG_ANALYZER_NUMBER_OBJECT_CONVERSION = YES_AGGRESSIVE;
				CLANG_CXX_LANGUAGE_STANDARD = "gnu++14";
				CLANG_CXX_LIBRARY = "libc++";
				CLANG_ENABLE_MODULES = YES;
				CLANG_ENABLE_OBJC_ARC = YES;
				CLANG_ENABLE_OBJC_WEAK = YES;
				CLANG_WARN_BLOCK_CAPTURE_AUTORELEASING = YES;
				CLANG_WARN_BOOL_CONVERSION = YES;
				CLANG_WARN_COMMA = YES;
				CLANG_WARN_CONSTANT_CONVERSION = YES;
				CLANG_WARN_DEPRECATED_OBJC_IMPLEMENTATIONS = YES;
				CLANG_WARN_DIRECT_OBJC_ISA_USAGE = YES_ERROR;
				CLANG_WARN_DOCUMENTATION_COMMENTS = YES;
				CLANG_WARN_EMPTY_BODY = YES;
				CLANG_WARN_ENUM_CONVERSION = YES;
				CLANG_WARN_INFINITE_RECURSION = YES;
				CLANG_WARN_INT_CONVERSION = YES;
				CLANG_WARN_NON_LITERAL_NULL_CONVERSION = YES;
				CLANG_WARN_OBJC_IMPLICIT_RETAIN_SELF = YES;
				CLANG_WARN_OBJC_LITERAL_CONVERSION = YES;
				CLANG_WARN_OBJC_ROOT_CLASS = YES_ERROR;
				CLANG_WARN_QUOTED_INCLUDE_IN_FRAMEWORK_HEADER = YES;
				CLANG_WARN_RANGE_LOOP_ANALYSIS = YES;
				CLANG_WARN_STRICT_PROTOTYPES = YES;
				CLANG_WARN_SUSPICIOUS_MOVE = YES;
				CLANG_WARN_UNGUARDED_AVAILABILITY = YES_AGGRESSIVE;
				CLANG_WARN_UNREACHABLE_CODE = YES;
				CLANG_WARN__DUPLICATE_METHOD_MATCH = YES;
				COPY_PHASE_STRIP = NO;
				DEBUG_INFORMATION_FORMAT = dwarf;
				ENABLE_STRICT_OBJC_MSGSEND = YES;
				ENABLE_TESTABILITY = YES;
				GCC_C_LANGUAGE_STANDARD = gnu11;
				GCC_DYNAMIC_NO_PIC = NO;
				GCC_NO_COMMON_BLOCKS = YES;
				GCC_OPTIMIZATION_LEVEL = 0;
				GCC_PREPROCESSOR_DEFINITIONS = (
					"DEBUG=1",
					"$(inherited)",
				);
				GCC_WARN_64_TO_32_BIT_CONVERSION = YES;
				GCC_WARN_ABOUT_RETURN_TYPE = YES_ERROR;
				GCC_WARN_UNDECLARED_SELECTOR = YES;
				GCC_WARN_UNINITIALIZED_AUTOS = YES_AGGRESSIVE;
				GCC_WARN_UNUSED_FUNCTION = YES;
				GCC_WARN_UNUSED_VARIABLE = YES;
				IPHONEOS_DEPLOYMENT_TARGET = 14.3;
				MTL_ENABLE_DEBUG_INFO = INCLUDE_SOURCE;
				MTL_FAST_MATH = YES;
				ONLY_ACTIVE_ARCH = YES;
				SDKROOT = iphoneos;
				SWIFT_ACTIVE_COMPILATION_CONDITIONS = DEBUG;
				SWIFT_OPTIMIZATION_LEVEL = "-Onone";
			};
			name = Debug;
		};
		048A588F26839B8C0041D1FC /* Release */ = {
			isa = XCBuildConfiguration;
			buildSettings = {
				ALWAYS_SEARCH_USER_PATHS = NO;
				CLANG_ANALYZER_NONNULL = YES;
				CLANG_ANALYZER_NUMBER_OBJECT_CONVERSION = YES_AGGRESSIVE;
				CLANG_CXX_LANGUAGE_STANDARD = "gnu++14";
				CLANG_CXX_LIBRARY = "libc++";
				CLANG_ENABLE_MODULES = YES;
				CLANG_ENABLE_OBJC_ARC = YES;
				CLANG_ENABLE_OBJC_WEAK = YES;
				CLANG_WARN_BLOCK_CAPTURE_AUTORELEASING = YES;
				CLANG_WARN_BOOL_CONVERSION = YES;
				CLANG_WARN_COMMA = YES;
				CLANG_WARN_CONSTANT_CONVERSION = YES;
				CLANG_WARN_DEPRECATED_OBJC_IMPLEMENTATIONS = YES;
				CLANG_WARN_DIRECT_OBJC_ISA_USAGE = YES_ERROR;
				CLANG_WARN_DOCUMENTATION_COMMENTS = YES;
				CLANG_WARN_EMPTY_BODY = YES;
				CLANG_WARN_ENUM_CONVERSION = YES;
				CLANG_WARN_INFINITE_RECURSION = YES;
				CLANG_WARN_INT_CONVERSION = YES;
				CLANG_WARN_NON_LITERAL_NULL_CONVERSION = YES;
				CLANG_WARN_OBJC_IMPLICIT_RETAIN_SELF = YES;
				CLANG_WARN_OBJC_LITERAL_CONVERSION = YES;
				CLANG_WARN_OBJC_ROOT_CLASS = YES_ERROR;
				CLANG_WARN_QUOTED_INCLUDE_IN_FRAMEWORK_HEADER = YES;
				CLANG_WARN_RANGE_LOOP_ANALYSIS = YES;
				CLANG_WARN_STRICT_PROTOTYPES = YES;
				CLANG_WARN_SUSPICIOUS_MOVE = YES;
				CLANG_WARN_UNGUARDED_AVAILABILITY = YES_AGGRESSIVE;
				CLANG_WARN_UNREACHABLE_CODE = YES;
				CLANG_WARN__DUPLICATE_METHOD_MATCH = YES;
				COPY_PHASE_STRIP = NO;
				DEBUG_INFORMATION_FORMAT = "dwarf-with-dsym";
				ENABLE_NS_ASSERTIONS = NO;
				ENABLE_STRICT_OBJC_MSGSEND = YES;
				GCC_C_LANGUAGE_STANDARD = gnu11;
				GCC_NO_COMMON_BLOCKS = YES;
				GCC_WARN_64_TO_32_BIT_CONVERSION = YES;
				GCC_WARN_ABOUT_RETURN_TYPE = YES_ERROR;
				GCC_WARN_UNDECLARED_SELECTOR = YES;
				GCC_WARN_UNINITIALIZED_AUTOS = YES_AGGRESSIVE;
				GCC_WARN_UNUSED_FUNCTION = YES;
				GCC_WARN_UNUSED_VARIABLE = YES;
				IPHONEOS_DEPLOYMENT_TARGET = 14.3;
				MTL_ENABLE_DEBUG_INFO = NO;
				MTL_FAST_MATH = YES;
				SDKROOT = iphoneos;
				SWIFT_COMPILATION_MODE = wholemodule;
				SWIFT_OPTIMIZATION_LEVEL = "-O";
				VALIDATE_PRODUCT = YES;
			};
			name = Release;
		};
		048A589126839B8C0041D1FC /* Debug */ = {
			isa = XCBuildConfiguration;
			buildSettings = {
				ASSETCATALOG_COMPILER_APPICON_NAME = AppIcon;
				ASSETCATALOG_COMPILER_GLOBAL_ACCENT_COLOR_NAME = AccentColor;
				CODE_SIGN_STYLE = Automatic;
				DEVELOPMENT_TEAM = JCX8Z993GT;
				INFOPLIST_FILE = CoreDataFetchP4/Info.plist;
				LD_RUNPATH_SEARCH_PATHS = (
					"$(inherited)",
					"@executable_path/Frameworks",
				);
				PRODUCT_BUNDLE_IDENTIFIER = AB.bavcom.CoreDataFetchP4;
				PRODUCT_NAME = "$(TARGET_NAME)";
				SWIFT_VERSION = 5.0;
				TARGETED_DEVICE_FAMILY = "1,2";
			};
			name = Debug;
		};
		048A589226839B8C0041D1FC /* Release */ = {
			isa = XCBuildConfiguration;
			buildSettings = {
				ASSETCATALOG_COMPILER_APPICON_NAME = AppIcon;
				ASSETCATALOG_COMPILER_GLOBAL_ACCENT_COLOR_NAME = AccentColor;
				CODE_SIGN_STYLE = Automatic;
				DEVELOPMENT_TEAM = JCX8Z993GT;
				INFOPLIST_FILE = CoreDataFetchP4/Info.plist;
				LD_RUNPATH_SEARCH_PATHS = (
					"$(inherited)",
					"@executable_path/Frameworks",
				);
				PRODUCT_BUNDLE_IDENTIFIER = AB.bavcom.CoreDataFetchP4;
				PRODUCT_NAME = "$(TARGET_NAME)";
				SWIFT_VERSION = 5.0;
				TARGETED_DEVICE_FAMILY = "1,2";
			};
			name = Release;
		};
/* End XCBuildConfiguration section */

/* Begin XCConfigurationList section */
		048A587726839B7F0041D1FC /* Build configuration list for PBXProject "CoreDataFetchP4" */ = {
			isa = XCConfigurationList;
			buildConfigurations = (
				048A588E26839B8C0041D1FC /* Debug */,
				048A588F26839B8C0041D1FC /* Release */,
			);
			defaultConfigurationIsVisible = 0;
			defaultConfigurationName = Release;
		};
		048A589026839B8C0041D1FC /* Build configuration list for PBXNativeTarget "CoreDataFetchP4" */ = {
			isa = XCConfigurationList;
			buildConfigurations = (
				048A589126839B8C0041D1FC /* Debug */,
				048A589226839B8C0041D1FC /* Release */,
			);
			defaultConfigurationIsVisible = 0;
			defaultConfigurationName = Release;
		};
/* End XCConfigurationList section */

/* Begin XCVersionGroup section */
		048A589D26839DDB0041D1FC /* Bubble_Tea_Finder.xcdatamodeld */ = {
			isa = XCVersionGroup;
			children = (
				048A589E26839DDB0041D1FC /* Bubble_Tea_Finder.xcdatamodel */,
			);
			currentVersion = 048A589E26839DDB0041D1FC /* Bubble_Tea_Finder.xcdatamodel */;
			path = Bubble_Tea_Finder.xcdatamodeld;
			sourceTree = "<group>";
			versionGroupType = wrapper.xcdatamodel;
		};
/* End XCVersionGroup section */
	};
	rootObject = 048A587426839B7F0041D1FC /* Project object */;
}
